{
  "name": "a0-lang",
  "version": "0.5.2",
  "lockfileVersion": 3,
  "requires": true,
  "packages": {
    "": {
      "name": "a0-lang",
      "version": "0.5.2",
      "license": "MIT",
      "workspaces": [
        "packages/*"
      ],
      "devDependencies": {
        "@types/node": "^25.2.3",
        "typescript": "^5.9.3"
      },
      "engines": {
        "node": ">=18"
      }
    },
    "node_modules/@a0/core": {
      "resolved": "packages/core",
      "link": true
    },
    "node_modules/@a0/scenarios": {
      "resolved": "packages/scenarios",
      "link": true
    },
    "node_modules/@a0/std": {
      "resolved": "packages/std",
      "link": true
    },
    "node_modules/@a0/tools": {
      "resolved": "packages/tools",
      "link": true
    },
    "node_modules/@chevrotain/cst-dts-gen": {
      "version": "11.1.1",
      "resolved": "https://registry.npmjs.org/@chevrotain/cst-dts-gen/-/cst-dts-gen-11.1.1.tgz",
      "integrity": "sha512-fRHyv6/f542qQqiRGalrfJl/evD39mAvbJLCekPazhiextEatq1Jx1K/i9gSd5NNO0ds03ek0Cbo/4uVKmOBcw==",
      "license": "Apache-2.0",
      "dependencies": {
        "@chevrotain/gast": "11.1.1",
        "@chevrotain/types": "11.1.1",
        "lodash-es": "4.17.23"
      }
    },
    "node_modules/@chevrotain/gast": {
      "version": "11.1.1",
      "resolved": "https://registry.npmjs.org/@chevrotain/gast/-/gast-11.1.1.tgz",
      "integrity": "sha512-Ko/5vPEYy1vn5CbCjjvnSO4U7GgxyGm+dfUZZJIWTlQFkXkyym0jFYrWEU10hyCjrA7rQtiHtBr0EaZqvHFZvg==",
      "license": "Apache-2.0",
      "dependencies": {
        "@chevrotain/types": "11.1.1",
        "lodash-es": "4.17.23"
      }
    },
    "node_modules/@chevrotain/regexp-to-ast": {
      "version": "11.1.1",
      "resolved": "https://registry.npmjs.org/@chevrotain/regexp-to-ast/-/regexp-to-ast-11.1.1.tgz",
      "integrity": "sha512-ctRw1OKSXkOrR8VTvOxrQ5USEc4sNrfwXHa1NuTcR7wre4YbjPcKw+82C2uylg/TEwFRgwLmbhlln4qkmDyteg==",
      "license": "Apache-2.0"
    },
    "node_modules/@chevrotain/types": {
      "version": "11.1.1",
      "resolved": "https://registry.npmjs.org/@chevrotain/types/-/types-11.1.1.tgz",
      "integrity": "sha512-wb2ToxG8LkgPYnKe9FH8oGn3TMCBdnwiuNC5l5y+CtlaVRbCytU0kbVsk6CGrqTL4ZN4ksJa0TXOYbxpbthtqw==",
      "license": "Apache-2.0"
    },
    "node_modules/@chevrotain/utils": {
      "version": "11.1.1",
      "resolved": "https://registry.npmjs.org/@chevrotain/utils/-/utils-11.1.1.tgz",
      "integrity": "sha512-71eTYMzYXYSFPrbg/ZwftSaSDld7UYlS8OQa3lNnn9jzNtpFbaReRRyghzqS7rI3CDaorqpPJJcXGHK+FE1TVQ==",
      "license": "Apache-2.0"
    },
    "node_modules/@types/node": {
      "version": "25.2.3",
      "resolved": "https://registry.npmjs.org/@types/node/-/node-25.2.3.tgz",
      "integrity": "sha512-m0jEgYlYz+mDJZ2+F4v8D1AyQb+QzsNqRuI7xg1VQX/KlKS0qT9r1Mo16yo5F/MtifXFgaofIFsdFMox2SxIbQ==",
      "dev": true,
      "license": "MIT",
      "dependencies": {
        "undici-types": "~7.16.0"
      }
    },
    "node_modules/a0": {
      "resolved": "packages/cli",
      "link": true
    },
    "node_modules/chevrotain": {
      "version": "11.1.1",
      "resolved": "https://registry.npmjs.org/chevrotain/-/chevrotain-11.1.1.tgz",
      "integrity": "sha512-f0yv5CPKaFxfsPTBzX7vGuim4oIC1/gcS7LUGdBSwl2dU6+FON6LVUksdOo1qJjoUvXNn45urgh8C+0a24pACQ==",
      "license": "Apache-2.0",
      "dependencies": {
        "@chevrotain/cst-dts-gen": "11.1.1",
        "@chevrotain/gast": "11.1.1",
        "@chevrotain/regexp-to-ast": "11.1.1",
        "@chevrotain/types": "11.1.1",
        "@chevrotain/utils": "11.1.1",
        "lodash-es": "4.17.23"
      }
    },
    "node_modules/commander": {
      "version": "12.1.0",
      "resolved": "https://registry.npmjs.org/commander/-/commander-12.1.0.tgz",
      "integrity": "sha512-Vw8qHK3bZM9y/P10u3Vib8o/DdkvA2OtPtZvD871QKjy74Wj1WSKFILMPRPSdUSx5RFK1arlJzEtA4PkFgnbuA==",
      "license": "MIT",
      "engines": {
        "node": ">=18"
      }
    },
    "node_modules/lodash-es": {
      "version": "4.17.23",
      "resolved": "https://registry.npmjs.org/lodash-es/-/lodash-es-4.17.23.tgz",
      "integrity": "sha512-kVI48u3PZr38HdYz98UmfPnXl2DXrpdctLrFLCd3kOx1xUkOmpFPx7gCWWM5MPkL/fD8zb+Ph0QzjGFs4+hHWg==",
      "license": "MIT"
    },
    "node_modules/typescript": {
      "version": "5.9.3",
      "resolved": "https://registry.npmjs.org/typescript/-/typescript-5.9.3.tgz",
      "integrity": "sha512-jl1vZzPDinLr9eUt3J/t7V6FgNEw9QjvBPdysz9KfQDD41fQrC2Y4vKQdiaUpFT4bXlb1RHhLpp8wtm6M5TgSw==",
      "dev": true,
      "license": "Apache-2.0",
      "bin": {
        "tsc": "bin/tsc",
        "tsserver": "bin/tsserver"
      },
      "engines": {
        "node": ">=14.17"
      }
    },
    "node_modules/undici-types": {
      "version": "7.16.0",
      "resolved": "https://registry.npmjs.org/undici-types/-/undici-types-7.16.0.tgz",
      "integrity": "sha512-Zz+aZWSj8LE6zoxD+xrjh4VfkIG8Ya6LvYkZqtUQGJPZjYl53ypCaUwWqo7eI0x66KBGeRo+mlBEkMSeSZ38Nw==",
      "dev": true,
      "license": "MIT"
    },
    "node_modules/zod": {
      "version": "3.25.76",
      "resolved": "https://registry.npmjs.org/zod/-/zod-3.25.76.tgz",
      "integrity": "sha512-gzUt/qt81nXsFGKIFcC3YnfEAx5NkunCfnDlvuBSSFS02bcXu4Lmea0AFIUwbLWxWPx3d9p8S5QoaujKcNQxcQ==",
      "license": "MIT",
      "funding": {
        "url": "https://github.com/sponsors/colinhacks"
      }
    },
    "packages/cli": {
      "name": "a0",
      "version": "0.5.2",
      "license": "MIT",
      "dependencies": {
        "@a0/core": "*",
        "@a0/std": "*",
        "@a0/tools": "*",
        "commander": "^12.0.0"
      },
      "bin": {
        "a0": "dist/main.js"
      }
    },
    "packages/core": {
      "name": "@a0/core",
      "version": "0.5.2",
      "license": "MIT",
      "dependencies": {
        "chevrotain": "^11.0.3"
      }
    },
    "packages/scenarios": {
      "name": "@a0/scenarios",
      "version": "0.5.2",
      "devDependencies": {
        "@types/node": "^25.2.3",
        "typescript": "^5.9.3"
      }
    },
    "packages/std": {
      "name": "@a0/std",
      "version": "0.5.2",
      "license": "MIT",
      "dependencies": {
        "@a0/core": "*"
      }
    },
    "packages/tools": {
      "name": "@a0/tools",
      "version": "0.5.2",
      "license": "MIT",
      "dependencies": {
        "@a0/core": "*",
        "zod": "^3.22.0"
      }
    }
  }
}
